
Microsoft Visual Studio Solution File, Format Version 12.00
# Visual Studio Version 17
VisualStudioVersion = 17.9.34723.18
MinimumVisualStudioVersion = 10.0.40219.1
Project("{FAE04EC0-301F-11D3-BF4B-00C04F79EFBC}") = "Thunders.Todo.API", "Thunders.Todo.API\Thunders.Todo.API.csproj", "{B731D10A-AC2A-44A7-917F-A2D48674D76E}"
EndProject
Project("{FAE04EC0-301F-11D3-BF4B-00C04F79EFBC}") = "Thunders.Todo.Application", "Thunders.Todo.Application\Thunders.Todo.Application.csproj", "{0223244D-1A45-4469-8A43-224EEDCC5E0A}"
EndProject
Project("{FAE04EC0-301F-11D3-BF4B-00C04F79EFBC}") = "Thunders.Todo.Infra", "Thunders.Todo.Infra\Thunders.Todo.Infra.csproj", "{7BD8FFCC-40DE-422D-8919-8D1C922F1E99}"
EndProject
Project("{FAE04EC0-301F-11D3-BF4B-00C04F79EFBC}") = "Thunders.Todo.Tests", "Thunders.Todo.Tests\Thunders.Todo.Tests.csproj", "{088F19B3-FB65-49FE-9D4D-148204C98F64}"
EndProject
Project("{FAE04EC0-301F-11D3-BF4B-00C04F79EFBC}") = "Thunders.Todo.Domain", "Thunders.Todo.Domain\Thunders.Todo.Domain.csproj", "{6EC5EE52-B24D-4107-B6D3-A174F71C04C8}"
EndProject
Global
	GlobalSection(SolutionConfigurationPlatforms) = preSolution
		Debug|Any CPU = Debug|Any CPU
		Release|Any CPU = Release|Any CPU
	EndGlobalSection
	GlobalSection(ProjectConfigurationPlatforms) = postSolution
		{B731D10A-AC2A-44A7-917F-A2D48674D76E}.Debug|Any CPU.ActiveCfg = Debug|Any CPU
		{B731D10A-AC2A-44A7-917F-A2D48674D76E}.Debug|Any CPU.Build.0 = Debug|Any CPU
		{B731D10A-AC2A-44A7-917F-A2D48674D76E}.Release|Any CPU.ActiveCfg = Release|Any CPU
		{B731D10A-AC2A-44A7-917F-A2D48674D76E}.Release|Any CPU.Build.0 = Release|Any CPU
		{0223244D-1A45-4469-8A43-224EEDCC5E0A}.Debug|Any CPU.ActiveCfg = Debug|Any CPU
		{0223244D-1A45-4469-8A43-224EEDCC5E0A}.Debug|Any CPU.Build.0 = Debug|Any CPU
		{0223244D-1A45-4469-8A43-224EEDCC5E0A}.Release|Any CPU.ActiveCfg = Release|Any CPU
		{0223244D-1A45-4469-8A43-224EEDCC5E0A}.Release|Any CPU.Build.0 = Release|Any CPU
		{7BD8FFCC-40DE-422D-8919-8D1C922F1E99}.Debug|Any CPU.ActiveCfg = Debug|Any CPU
		{7BD8FFCC-40DE-422D-8919-8D1C922F1E99}.Debug|Any CPU.Build.0 = Debug|Any CPU
		{7BD8FFCC-40DE-422D-8919-8D1C922F1E99}.Release|Any CPU.ActiveCfg = Release|Any CPU
		{7BD8FFCC-40DE-422D-8919-8D1C922F1E99}.Release|Any CPU.Build.0 = Release|Any CPU
		{088F19B3-FB65-49FE-9D4D-148204C98F64}.Debug|Any CPU.ActiveCfg = Debug|Any CPU
		{088F19B3-FB65-49FE-9D4D-148204C98F64}.Debug|Any CPU.Build.0 = Debug|Any CPU
		{088F19B3-FB65-49FE-9D4D-148204C98F64}.Release|Any CPU.ActiveCfg = Release|Any CPU
		{088F19B3-FB65-49FE-9D4D-148204C98F64}.Release|Any CPU.Build.0 = Release|Any CPU
		{6EC5EE52-B24D-4107-B6D3-A174F71C04C8}.Debug|Any CPU.ActiveCfg = Debug|Any CPU
		{6EC5EE52-B24D-4107-B6D3-A174F71C04C8}.Debug|Any CPU.Build.0 = Debug|Any CPU
		{6EC5EE52-B24D-4107-B6D3-A174F71C04C8}.Release|Any CPU.ActiveCfg = Release|Any CPU
		{6EC5EE52-B24D-4107-B6D3-A174F71C04C8}.Release|Any CPU.Build.0 = Release|Any CPU
	EndGlobalSection
	GlobalSection(SolutionProperties) = preSolution
		HideSolutionNode = FALSE
	EndGlobalSection
	GlobalSection(ExtensibilityGlobals) = postSolution
		SolutionGuid = {C7EA92ED-9480-4930-9DCD-D6B75453AA81}
	EndGlobalSection
EndGlobal
